
Microsoft Visual Studio Solution File, Format Version 12.00
# Visual Studio Version 17
VisualStudioVersion = 17.1.32421.90
MinimumVisualStudioVersion = 10.0.40219.1
Project("{FAE04EC0-301F-11D3-BF4B-00C04F79EFBC}") = "AOC_2023", "AOC_2023\AOC_2023.csproj", "{63F8BAF5-002B-4687-AA8B-2388D170A346}"
EndProject
Global
	GlobalSection(SolutionConfigurationPlatforms) = preSolution
		Debug|Any CPU = Debug|Any CPU
		Release|Any CPU = Release|Any CPU
	EndGlobalSection
	GlobalSection(ProjectConfigurationPlatforms) = postSolution
		{63F8BAF5-002B-4687-AA8B-2388D170A346}.Debug|Any CPU.ActiveCfg = Debug|Any CPU
		{63F8BAF5-002B-4687-AA8B-2388D170A346}.Debug|Any CPU.Build.0 = Debug|Any CPU
		{63F8BAF5-002B-4687-AA8B-2388D170A346}.Release|Any CPU.ActiveCfg = Release|Any CPU
		{63F8BAF5-002B-4687-AA8B-2388D170A346}.Release|Any CPU.Build.0 = Release|Any CPU
	EndGlobalSection
	GlobalSection(SolutionProperties) = preSolution
		HideSolutionNode = FALSE
	EndGlobalSection
	GlobalSection(ExtensibilityGlobals) = postSolution
		SolutionGuid = {36575796-5620-43F5-AC11-8EE4605801C0}
	EndGlobalSection
EndGlobal
